
Microsoft Visual Studio Solution File, Format Version 12.00
# Visual Studio Version 17
VisualStudioVersion = 17.10.35013.160
MinimumVisualStudioVersion = 10.0.40219.1
Project("{FAE04EC0-301F-11D3-BF4B-00C04F79EFBC}") = "AspDotNetCoreEntityFrameworkWebAPI", "AspDotNetCoreEntityFrameworkWebAPI\AspDotNetCoreEntityFrameworkWebAPI.csproj", "{7AD3148F-034A-46B5-8712-F917E51DAF8F}"
EndProject
Global
	GlobalSection(SolutionConfigurationPlatforms) = preSolution
		Debug|Any CPU = Debug|Any CPU
		Release|Any CPU = Release|Any CPU
	EndGlobalSection
	GlobalSection(ProjectConfigurationPlatforms) = postSolution
		{7AD3148F-034A-46B5-8712-F917E51DAF8F}.Debug|Any CPU.ActiveCfg = Debug|Any CPU
		{7AD3148F-034A-46B5-8712-F917E51DAF8F}.Debug|Any CPU.Build.0 = Debug|Any CPU
		{7AD3148F-034A-46B5-8712-F917E51DAF8F}.Release|Any CPU.ActiveCfg = Release|Any CPU
		{7AD3148F-034A-46B5-8712-F917E51DAF8F}.Release|Any CPU.Build.0 = Release|Any CPU
	EndGlobalSection
	GlobalSection(SolutionProperties) = preSolution
		HideSolutionNode = FALSE
	EndGlobalSection
	GlobalSection(ExtensibilityGlobals) = postSolution
		SolutionGuid = {A07C44FA-BCE8-45B4-8DB5-72AC5E15D5C5}
	EndGlobalSection
EndGlobal
